
Microsoft Visual Studio Solution File, Format Version 12.00
# Visual Studio Version 17
VisualStudioVersion = 17.11.35303.130
MinimumVisualStudioVersion = 10.0.40219.1
Project("{FAE04EC0-301F-11D3-BF4B-00C04F79EFBC}") = "VideoGame", "VideoGame\VideoGame.csproj", "{4202094A-7314-4DDC-9664-76284C6EEC13}"
EndProject
Global
	GlobalSection(SolutionConfigurationPlatforms) = preSolution
		Debug|Any CPU = Debug|Any CPU
		Release|Any CPU = Release|Any CPU
	EndGlobalSection
	GlobalSection(ProjectConfigurationPlatforms) = postSolution
		{4202094A-7314-4DDC-9664-76284C6EEC13}.Debug|Any CPU.ActiveCfg = Debug|Any CPU
		{4202094A-7314-4DDC-9664-76284C6EEC13}.Debug|Any CPU.Build.0 = Debug|Any CPU
		{4202094A-7314-4DDC-9664-76284C6EEC13}.Release|Any CPU.ActiveCfg = Release|Any CPU
		{4202094A-7314-4DDC-9664-76284C6EEC13}.Release|Any CPU.Build.0 = Release|Any CPU
	EndGlobalSection
	GlobalSection(SolutionProperties) = preSolution
		HideSolutionNode = FALSE
	EndGlobalSection
	GlobalSection(ExtensibilityGlobals) = postSolution
		SolutionGuid = {D75CA9C9-5B3F-4FBD-AD43-9374B7366945}
	EndGlobalSection
EndGlobal
